
Microsoft Visual Studio Solution File, Format Version 12.00
# Visual Studio Version 17
VisualStudioVersion = 17.7.34024.191
MinimumVisualStudioVersion = 10.0.40219.1
Project("{FAE04EC0-301F-11D3-BF4B-00C04F79EFBC}") = "ThePenSeller", "ThePenSeller.csproj", "{E34E3936-3AB6-4271-9D09-ED06A7779687}"
EndProject
Global
	GlobalSection(SolutionConfigurationPlatforms) = preSolution
		Debug|Any CPU = Debug|Any CPU
		Release|Any CPU = Release|Any CPU
	EndGlobalSection
	GlobalSection(ProjectConfigurationPlatforms) = postSolution
		{E34E3936-3AB6-4271-9D09-ED06A7779687}.Debug|Any CPU.ActiveCfg = Debug|Any CPU
		{E34E3936-3AB6-4271-9D09-ED06A7779687}.Debug|Any CPU.Build.0 = Debug|Any CPU
		{E34E3936-3AB6-4271-9D09-ED06A7779687}.Release|Any CPU.ActiveCfg = Release|Any CPU
		{E34E3936-3AB6-4271-9D09-ED06A7779687}.Release|Any CPU.Build.0 = Release|Any CPU
	EndGlobalSection
	GlobalSection(SolutionProperties) = preSolution
		HideSolutionNode = FALSE
	EndGlobalSection
	GlobalSection(ExtensibilityGlobals) = postSolution
		SolutionGuid = {57CA7CB2-1DE2-49E3-8ACE-3139CD7EEEFA}
	EndGlobalSection
EndGlobal
